
Microsoft Visual Studio Solution File, Format Version 12.00
# Visual Studio Version 17
VisualStudioVersion = 17.8.34511.84
MinimumVisualStudioVersion = 10.0.40219.1
Project("{FAE04EC0-301F-11D3-BF4B-00C04F79EFBC}") = "MERVEGÜNDOĞDU", "MERVEGÜNDOĞDU.csproj", "{DA600A0C-24D3-4C3D-A292-68DB5B446744}"
EndProject
Global
	GlobalSection(SolutionConfigurationPlatforms) = preSolution
		Debug|Any CPU = Debug|Any CPU
		Release|Any CPU = Release|Any CPU
	EndGlobalSection
	GlobalSection(ProjectConfigurationPlatforms) = postSolution
		{DA600A0C-24D3-4C3D-A292-68DB5B446744}.Debug|Any CPU.ActiveCfg = Debug|Any CPU
		{DA600A0C-24D3-4C3D-A292-68DB5B446744}.Debug|Any CPU.Build.0 = Debug|Any CPU
		{DA600A0C-24D3-4C3D-A292-68DB5B446744}.Release|Any CPU.ActiveCfg = Release|Any CPU
		{DA600A0C-24D3-4C3D-A292-68DB5B446744}.Release|Any CPU.Build.0 = Release|Any CPU
	EndGlobalSection
	GlobalSection(SolutionProperties) = preSolution
		HideSolutionNode = FALSE
	EndGlobalSection
	GlobalSection(ExtensibilityGlobals) = postSolution
		SolutionGuid = {DD907DDA-F358-4BE4-A539-60CF9FA26AA9}
	EndGlobalSection
EndGlobal
